
Microsoft Visual Studio Solution File, Format Version 12.00
# Visual Studio Version 17
VisualStudioVersion = 17.8.34309.116
MinimumVisualStudioVersion = 10.0.40219.1
Project("{9A19103F-16F7-4668-BE54-9A1E7A4F7556}") = "Bookify.Web", "Bookify.Web\Bookify.Web.csproj", "{0FAEFE36-CF4B-4746-8149-6D03FAC97BB6}"
EndProject
Project("{FAE04EC0-301F-11D3-BF4B-00C04F79EFBC}") = "Bookify.Domain", "Bookify.Domain\Bookify.Domain.csproj", "{6922549F-8F95-47F2-B40F-84DEDC107EF9}"
EndProject
Project("{FAE04EC0-301F-11D3-BF4B-00C04F79EFBC}") = "Bookify.Application", "Bookify.Application\Bookify.Application.csproj", "{AE89B862-0EA4-41DC-BF55-DCE8D8B6AA4F}"
EndProject
Project("{FAE04EC0-301F-11D3-BF4B-00C04F79EFBC}") = "Bookify.Infrastructure", "Bookify.Infrastructure\Bookify.Infrastructure.csproj", "{C1DB14C4-5113-49DE-9D2E-D280DD8FE66D}"
EndProject
Global
	GlobalSection(SolutionConfigurationPlatforms) = preSolution
		Debug|Any CPU = Debug|Any CPU
		Release|Any CPU = Release|Any CPU
	EndGlobalSection
	GlobalSection(ProjectConfigurationPlatforms) = postSolution
		{0FAEFE36-CF4B-4746-8149-6D03FAC97BB6}.Debug|Any CPU.ActiveCfg = Debug|Any CPU
		{0FAEFE36-CF4B-4746-8149-6D03FAC97BB6}.Debug|Any CPU.Build.0 = Debug|Any CPU
		{0FAEFE36-CF4B-4746-8149-6D03FAC97BB6}.Release|Any CPU.ActiveCfg = Release|Any CPU
		{0FAEFE36-CF4B-4746-8149-6D03FAC97BB6}.Release|Any CPU.Build.0 = Release|Any CPU
		{6922549F-8F95-47F2-B40F-84DEDC107EF9}.Debug|Any CPU.ActiveCfg = Debug|Any CPU
		{6922549F-8F95-47F2-B40F-84DEDC107EF9}.Debug|Any CPU.Build.0 = Debug|Any CPU
		{6922549F-8F95-47F2-B40F-84DEDC107EF9}.Release|Any CPU.ActiveCfg = Release|Any CPU
		{6922549F-8F95-47F2-B40F-84DEDC107EF9}.Release|Any CPU.Build.0 = Release|Any CPU
		{AE89B862-0EA4-41DC-BF55-DCE8D8B6AA4F}.Debug|Any CPU.ActiveCfg = Debug|Any CPU
		{AE89B862-0EA4-41DC-BF55-DCE8D8B6AA4F}.Debug|Any CPU.Build.0 = Debug|Any CPU
		{AE89B862-0EA4-41DC-BF55-DCE8D8B6AA4F}.Release|Any CPU.ActiveCfg = Release|Any CPU
		{AE89B862-0EA4-41DC-BF55-DCE8D8B6AA4F}.Release|Any CPU.Build.0 = Release|Any CPU
		{C1DB14C4-5113-49DE-9D2E-D280DD8FE66D}.Debug|Any CPU.ActiveCfg = Debug|Any CPU
		{C1DB14C4-5113-49DE-9D2E-D280DD8FE66D}.Debug|Any CPU.Build.0 = Debug|Any CPU
		{C1DB14C4-5113-49DE-9D2E-D280DD8FE66D}.Release|Any CPU.ActiveCfg = Release|Any CPU
		{C1DB14C4-5113-49DE-9D2E-D280DD8FE66D}.Release|Any CPU.Build.0 = Release|Any CPU
	EndGlobalSection
	GlobalSection(SolutionProperties) = preSolution
		HideSolutionNode = FALSE
	EndGlobalSection
	GlobalSection(ExtensibilityGlobals) = postSolution
		SolutionGuid = {6492BE43-F23A-46B7-9DF6-D85732D6A845}
	EndGlobalSection
EndGlobal
